
Microsoft Visual Studio Solution File, Format Version 12.00
# Visual Studio Version 17
VisualStudioVersion = 17.3.32929.385
MinimumVisualStudioVersion = 10.0.40219.1
Project("{FAE04EC0-301F-11D3-BF4B-00C04F79EFBC}") = "VladyKsenicUmbracoProjekt", "VladyKsenicUmbracoProjekt\VladyKsenicUmbracoProjekt.csproj", "{115FD340-A9F9-4E60-BECA-41346918F505}"
EndProject
Project("{FAE04EC0-301F-11D3-BF4B-00C04F79EFBC}") = "VladyKsenicUmbracoProjekt.lib", "VladyKsenicUmbracoProjekt.lib\VladyKsenicUmbracoProjekt.lib.csproj", "{487CDDDE-D6F5-4B46-A087-C9734E1B60AF}"
EndProject
Project("{FAE04EC0-301F-11D3-BF4B-00C04F79EFBC}") = "dufeksoft.lib", "..\dufeksoft\dufeksoft.lib\dufeksoft.lib\dufeksoft.lib.csproj", "{3B16A948-37A3-4301-B11B-BFDE6E95FB10}"
EndProject
Global
	GlobalSection(SolutionConfigurationPlatforms) = preSolution
		Debug|Any CPU = Debug|Any CPU
		Release|Any CPU = Release|Any CPU
	EndGlobalSection
	GlobalSection(ProjectConfigurationPlatforms) = postSolution
		{115FD340-A9F9-4E60-BECA-41346918F505}.Debug|Any CPU.ActiveCfg = Debug|Any CPU
		{115FD340-A9F9-4E60-BECA-41346918F505}.Debug|Any CPU.Build.0 = Debug|Any CPU
		{115FD340-A9F9-4E60-BECA-41346918F505}.Release|Any CPU.ActiveCfg = Release|Any CPU
		{115FD340-A9F9-4E60-BECA-41346918F505}.Release|Any CPU.Build.0 = Release|Any CPU
		{487CDDDE-D6F5-4B46-A087-C9734E1B60AF}.Debug|Any CPU.ActiveCfg = Debug|Any CPU
		{487CDDDE-D6F5-4B46-A087-C9734E1B60AF}.Debug|Any CPU.Build.0 = Debug|Any CPU
		{487CDDDE-D6F5-4B46-A087-C9734E1B60AF}.Release|Any CPU.ActiveCfg = Release|Any CPU
		{487CDDDE-D6F5-4B46-A087-C9734E1B60AF}.Release|Any CPU.Build.0 = Release|Any CPU
		{3B16A948-37A3-4301-B11B-BFDE6E95FB10}.Debug|Any CPU.ActiveCfg = Debug|Any CPU
		{3B16A948-37A3-4301-B11B-BFDE6E95FB10}.Debug|Any CPU.Build.0 = Debug|Any CPU
		{3B16A948-37A3-4301-B11B-BFDE6E95FB10}.Release|Any CPU.ActiveCfg = Release|Any CPU
		{3B16A948-37A3-4301-B11B-BFDE6E95FB10}.Release|Any CPU.Build.0 = Release|Any CPU
	EndGlobalSection
	GlobalSection(SolutionProperties) = preSolution
		HideSolutionNode = FALSE
	EndGlobalSection
	GlobalSection(ExtensibilityGlobals) = postSolution
		SolutionGuid = {72643ECD-F8C4-4357-B618-5E15F82C4A9C}
	EndGlobalSection
EndGlobal
